
Microsoft Visual Studio Solution File, Format Version 12.00
# Visual Studio Version 16
VisualStudioVersion = 16.0.32510.428
MinimumVisualStudioVersion = 10.0.40219.1
Project("{FAE04EC0-301F-11D3-BF4B-00C04F79EFBC}") = "Lab7_VP", "Lab7_VP\Lab7_VP.csproj", "{1CF8FDD5-75E1-432E-801F-E8B49D79A171}"
EndProject
Global
	GlobalSection(SolutionConfigurationPlatforms) = preSolution
		Debug|Any CPU = Debug|Any CPU
		Release|Any CPU = Release|Any CPU
	EndGlobalSection
	GlobalSection(ProjectConfigurationPlatforms) = postSolution
		{1CF8FDD5-75E1-432E-801F-E8B49D79A171}.Debug|Any CPU.ActiveCfg = Debug|Any CPU
		{1CF8FDD5-75E1-432E-801F-E8B49D79A171}.Debug|Any CPU.Build.0 = Debug|Any CPU
		{1CF8FDD5-75E1-432E-801F-E8B49D79A171}.Release|Any CPU.ActiveCfg = Release|Any CPU
		{1CF8FDD5-75E1-432E-801F-E8B49D79A171}.Release|Any CPU.Build.0 = Release|Any CPU
	EndGlobalSection
	GlobalSection(SolutionProperties) = preSolution
		HideSolutionNode = FALSE
	EndGlobalSection
	GlobalSection(ExtensibilityGlobals) = postSolution
		SolutionGuid = {CF1F11D4-A8B6-4F9A-BF89-1118CE0B240F}
	EndGlobalSection
EndGlobal
